github.com/arc-language/core-builder v0.0.0-20251222230544-91aac0849f4f h1:cqLay64TCHtwS8HNkSpwRCHLUXTqgrzGuST4uvPL+Ys=
github.com/arc-language/core-builder v0.0.0-20251222230544-91aac0849f4f/go.mod h1:19aJJsZ3HkyQ3IBjxjhVjmeiThxFcPqvhP1YPFWqj+M=
github.com/arc-language/core-codegen v0.0.0-20251223001941-0f5aacb35e8f h1:fEay4SeK8QzYLU72WfqysPyigCHWIsc7BD7++DWPkGQ=
github.com/arc-language/core-codegen v0.0.0-20251223001941-0f5aacb35e8f/go.mod h1:BJOzpetHIOP54oXKCER1OuSuJRtg79tmgJQofV4YSx0=
github.com/arc-language/core-codegen v0.0.0-20251223003913-4f667ab4b1c5 h1:gBAw13d7hgpIBIzT2bnnrkR/VJl8YIbHzWIEMnolXW0=
github.com/arc-language/core-codegen v0.0.0-20251223003913-4f667ab4b1c5/go.mod h1:+PZFdeewFhSYo+OuOcwbQ06W61cMmVohZsctmIdpfVY=
github.com/arc-language/core-codegen v0.0.0-20251223010034-39922a39f9f5 h1:moafFT2sDC3A8/SMkFq/9pJQgJYHIGKYsqppQY2dK5I=
github.com/arc-language/core-codegen v0.0.0-20251223010034-39922a39f9f5/go.mod h1:+PZFdeewFhSYo+OuOcwbQ06W61cMmVohZsctmIdpfVY=
github.com/arc-language/core-codegen v0.0.0-20251223010125-a1538b68c591 h1:DiT2gS6Qt3aK422BakyRqeyuMZQpmgXZV3s98Xth2Q4=
github.com/arc-language/core-codegen v0.0.0-20251223010125-a1538b68c591/go.mod h1:+PZFdeewFhSYo+OuOcwbQ06W61cMmVohZsctmIdpfVY=
github.com/arc-language/core-codegen v0.0.0-20251223010401-f636c7e43040 h1:cZqcRYsxW4eWZtooJiaxtBXm4b7K194zJrHkGWuDdco=
github.com/arc-language/core-codegen v0.0.0-20251223010401-f636c7e43040/go.mod h1:+PZFdeewFhSYo+OuOcwbQ06W61cMmVohZsctmIdpfVY=
github.com/arc-language/core-codegen v0.0.0-20251223015731-28f074578b91 h1:8OSW9vwVbTxgWyRLZYMavSBIUK+zHlEzO0IC2NPLW3o=
github.com/arc-language/core-codegen v0.0.0-20251223015731-28f074578b91/go.mod h1:+PZFdeewFhSYo+OuOcwbQ06W61cMmVohZsctmIdpfVY=
